
Microsoft Visual Studio Solution File, Format Version 12.00
# Visual Studio Version 17
VisualStudioVersion = 17.0.31903.59
MinimumVisualStudioVersion = 10.0.40219.1
Project("{FAE04EC0-301F-11D3-BF4B-00C04F79EFBC}") = "LoadingImages", "LoadingImages\LoadingImages.csproj", "{1829A943-9C42-4F3F-B189-5C378F0FB8C2}"
EndProject
Project("{FAE04EC0-301F-11D3-BF4B-00C04F79EFBC}") = "GoogleFonts", "GoogleFonts\GoogleFonts.csproj", "{C089C4DB-60EE-4079-88E8-E4E92F156FDC}"
EndProject
Project("{FAE04EC0-301F-11D3-BF4B-00C04F79EFBC}") = "MakingLists", "MakingLists\MakingLists.csproj", "{5FA54F40-2388-42C6-AAF4-303E046CAC3C}"
EndProject
Project("{FAE04EC0-301F-11D3-BF4B-00C04F79EFBC}") = "BindingsAndConverters", "BindingsAndConverters\BindingsAndConverters.csproj", "{6622FB60-2ABB-486D-AE0F-74ADE325248C}"
EndProject
Project("{FAE04EC0-301F-11D3-BF4B-00C04F79EFBC}") = "FileOps", "FileOps\FileOps.csproj", "{BAC99FFA-3A57-49BE-AFCA-410F029CC8C7}"
EndProject
Project("{FAE04EC0-301F-11D3-BF4B-00C04F79EFBC}") = "IoCFileOps", "IoCFileOps\IoCFileOps.csproj", "{BD1BAF99-1AD6-4DEB-B130-69120C9C9D92}"
EndProject
Project("{FAE04EC0-301F-11D3-BF4B-00C04F79EFBC}") = "ClipboardOps", "ClipboardOps\ClipboardOps.csproj", "{4D84B4F6-C01E-4D89-A6B6-2E78BF343A57}"
EndProject
Project("{FAE04EC0-301F-11D3-BF4B-00C04F79EFBC}") = "DragDropOps", "DragDropOps\DragDropOps.csproj", "{8874A12A-559C-4383-90BE-76D83022E29D}"
EndProject
Project("{FAE04EC0-301F-11D3-BF4B-00C04F79EFBC}") = "SplashScreen", "SplashScreen\SplashScreen.csproj", "{87AD03B7-7172-4EE1-8ED1-83627A64923E}"
EndProject
Project("{FAE04EC0-301F-11D3-BF4B-00C04F79EFBC}") = "Localization", "Localization\Localization.csproj", "{51EE0634-8AD0-4870-815F-B34079982A62}"
EndProject
Project("{FAE04EC0-301F-11D3-BF4B-00C04F79EFBC}") = "Porting10", "Porting10\Porting10.csproj", "{B4A6FC0A-E932-4192-B442-85BCE5CE8E95}"
EndProject
Project("{FAE04EC0-301F-11D3-BF4B-00C04F79EFBC}") = "Porting11", "Porting11\Porting11.csproj", "{E62EEA1B-C820-4155-BA60-206910B0C9C0}"
EndProject
Project("{FAE04EC0-301F-11D3-BF4B-00C04F79EFBC}") = "CustomControl", "CustomControl\CustomControl.csproj", "{FA78C1BD-DAC4-43EB-B0C8-B7F41F8FBB2C}"
EndProject
Project("{FAE04EC0-301F-11D3-BF4B-00C04F79EFBC}") = "NativeMenuOps", "NativeMenuOps\NativeMenuOps.csproj", "{268CC518-4F15-4E38-8684-81EFA0CD2196}"
EndProject
Project("{FAE04EC0-301F-11D3-BF4B-00C04F79EFBC}") = "ButtonCustomize", "ButtonCustomize\ButtonCustomize.csproj", "{A01C8E1E-57CC-4728-966D-C1CA54E6F198}"
EndProject
Project("{FAE04EC0-301F-11D3-BF4B-00C04F79EFBC}") = "NativeAot", "NativeAot\NativeAot.csproj", "{1E3495B7-372B-4846-B461-84CE89DFE3F5}"
EndProject
Project("{FAE04EC0-301F-11D3-BF4B-00C04F79EFBC}") = "GroupBox", "GroupBox\GroupBox.csproj", "{F6022484-FCCF-4DD7-8366-10BB3382C531}"
EndProject
Global
	GlobalSection(SolutionConfigurationPlatforms) = preSolution
		Debug|Any CPU = Debug|Any CPU
		Release|Any CPU = Release|Any CPU
	EndGlobalSection
	GlobalSection(SolutionProperties) = preSolution
		HideSolutionNode = FALSE
	EndGlobalSection
	GlobalSection(ProjectConfigurationPlatforms) = postSolution
		{1829A943-9C42-4F3F-B189-5C378F0FB8C2}.Debug|Any CPU.ActiveCfg = Debug|Any CPU
		{1829A943-9C42-4F3F-B189-5C378F0FB8C2}.Debug|Any CPU.Build.0 = Debug|Any CPU
		{1829A943-9C42-4F3F-B189-5C378F0FB8C2}.Release|Any CPU.ActiveCfg = Release|Any CPU
		{1829A943-9C42-4F3F-B189-5C378F0FB8C2}.Release|Any CPU.Build.0 = Release|Any CPU
		{C089C4DB-60EE-4079-88E8-E4E92F156FDC}.Debug|Any CPU.ActiveCfg = Debug|Any CPU
		{C089C4DB-60EE-4079-88E8-E4E92F156FDC}.Debug|Any CPU.Build.0 = Debug|Any CPU
		{C089C4DB-60EE-4079-88E8-E4E92F156FDC}.Release|Any CPU.ActiveCfg = Release|Any CPU
		{C089C4DB-60EE-4079-88E8-E4E92F156FDC}.Release|Any CPU.Build.0 = Release|Any CPU
		{5FA54F40-2388-42C6-AAF4-303E046CAC3C}.Debug|Any CPU.ActiveCfg = Debug|Any CPU
		{5FA54F40-2388-42C6-AAF4-303E046CAC3C}.Debug|Any CPU.Build.0 = Debug|Any CPU
		{5FA54F40-2388-42C6-AAF4-303E046CAC3C}.Release|Any CPU.ActiveCfg = Release|Any CPU
		{5FA54F40-2388-42C6-AAF4-303E046CAC3C}.Release|Any CPU.Build.0 = Release|Any CPU
		{6622FB60-2ABB-486D-AE0F-74ADE325248C}.Debug|Any CPU.ActiveCfg = Debug|Any CPU
		{6622FB60-2ABB-486D-AE0F-74ADE325248C}.Debug|Any CPU.Build.0 = Debug|Any CPU
		{6622FB60-2ABB-486D-AE0F-74ADE325248C}.Release|Any CPU.ActiveCfg = Release|Any CPU
		{6622FB60-2ABB-486D-AE0F-74ADE325248C}.Release|Any CPU.Build.0 = Release|Any CPU
		{BAC99FFA-3A57-49BE-AFCA-410F029CC8C7}.Debug|Any CPU.ActiveCfg = Debug|Any CPU
		{BAC99FFA-3A57-49BE-AFCA-410F029CC8C7}.Debug|Any CPU.Build.0 = Debug|Any CPU
		{BAC99FFA-3A57-49BE-AFCA-410F029CC8C7}.Release|Any CPU.ActiveCfg = Release|Any CPU
		{BAC99FFA-3A57-49BE-AFCA-410F029CC8C7}.Release|Any CPU.Build.0 = Release|Any CPU
		{BD1BAF99-1AD6-4DEB-B130-69120C9C9D92}.Debug|Any CPU.ActiveCfg = Debug|Any CPU
		{BD1BAF99-1AD6-4DEB-B130-69120C9C9D92}.Debug|Any CPU.Build.0 = Debug|Any CPU
		{BD1BAF99-1AD6-4DEB-B130-69120C9C9D92}.Release|Any CPU.ActiveCfg = Release|Any CPU
		{BD1BAF99-1AD6-4DEB-B130-69120C9C9D92}.Release|Any CPU.Build.0 = Release|Any CPU
		{4D84B4F6-C01E-4D89-A6B6-2E78BF343A57}.Debug|Any CPU.ActiveCfg = Debug|Any CPU
		{4D84B4F6-C01E-4D89-A6B6-2E78BF343A57}.Debug|Any CPU.Build.0 = Debug|Any CPU
		{4D84B4F6-C01E-4D89-A6B6-2E78BF343A57}.Release|Any CPU.ActiveCfg = Release|Any CPU
		{4D84B4F6-C01E-4D89-A6B6-2E78BF343A57}.Release|Any CPU.Build.0 = Release|Any CPU
		{8874A12A-559C-4383-90BE-76D83022E29D}.Debug|Any CPU.ActiveCfg = Debug|Any CPU
		{8874A12A-559C-4383-90BE-76D83022E29D}.Debug|Any CPU.Build.0 = Debug|Any CPU
		{8874A12A-559C-4383-90BE-76D83022E29D}.Release|Any CPU.ActiveCfg = Release|Any CPU
		{8874A12A-559C-4383-90BE-76D83022E29D}.Release|Any CPU.Build.0 = Release|Any CPU
		{87AD03B7-7172-4EE1-8ED1-83627A64923E}.Debug|Any CPU.ActiveCfg = Debug|Any CPU
		{87AD03B7-7172-4EE1-8ED1-83627A64923E}.Debug|Any CPU.Build.0 = Debug|Any CPU
		{87AD03B7-7172-4EE1-8ED1-83627A64923E}.Release|Any CPU.ActiveCfg = Release|Any CPU
		{87AD03B7-7172-4EE1-8ED1-83627A64923E}.Release|Any CPU.Build.0 = Release|Any CPU
		{51EE0634-8AD0-4870-815F-B34079982A62}.Debug|Any CPU.ActiveCfg = Debug|Any CPU
		{51EE0634-8AD0-4870-815F-B34079982A62}.Debug|Any CPU.Build.0 = Debug|Any CPU
		{51EE0634-8AD0-4870-815F-B34079982A62}.Release|Any CPU.ActiveCfg = Release|Any CPU
		{51EE0634-8AD0-4870-815F-B34079982A62}.Release|Any CPU.Build.0 = Release|Any CPU
		{B4A6FC0A-E932-4192-B442-85BCE5CE8E95}.Debug|Any CPU.ActiveCfg = Debug|Any CPU
		{B4A6FC0A-E932-4192-B442-85BCE5CE8E95}.Debug|Any CPU.Build.0 = Debug|Any CPU
		{B4A6FC0A-E932-4192-B442-85BCE5CE8E95}.Release|Any CPU.ActiveCfg = Release|Any CPU
		{B4A6FC0A-E932-4192-B442-85BCE5CE8E95}.Release|Any CPU.Build.0 = Release|Any CPU
		{E62EEA1B-C820-4155-BA60-206910B0C9C0}.Debug|Any CPU.ActiveCfg = Debug|Any CPU
		{E62EEA1B-C820-4155-BA60-206910B0C9C0}.Debug|Any CPU.Build.0 = Debug|Any CPU
		{E62EEA1B-C820-4155-BA60-206910B0C9C0}.Release|Any CPU.ActiveCfg = Release|Any CPU
		{E62EEA1B-C820-4155-BA60-206910B0C9C0}.Release|Any CPU.Build.0 = Release|Any CPU
		{FA78C1BD-DAC4-43EB-B0C8-B7F41F8FBB2C}.Debug|Any CPU.ActiveCfg = Debug|Any CPU
		{FA78C1BD-DAC4-43EB-B0C8-B7F41F8FBB2C}.Debug|Any CPU.Build.0 = Debug|Any CPU
		{FA78C1BD-DAC4-43EB-B0C8-B7F41F8FBB2C}.Release|Any CPU.ActiveCfg = Release|Any CPU
		{FA78C1BD-DAC4-43EB-B0C8-B7F41F8FBB2C}.Release|Any CPU.Build.0 = Release|Any CPU
		{268CC518-4F15-4E38-8684-81EFA0CD2196}.Debug|Any CPU.ActiveCfg = Debug|Any CPU
		{268CC518-4F15-4E38-8684-81EFA0CD2196}.Debug|Any CPU.Build.0 = Debug|Any CPU
		{268CC518-4F15-4E38-8684-81EFA0CD2196}.Release|Any CPU.ActiveCfg = Release|Any CPU
		{268CC518-4F15-4E38-8684-81EFA0CD2196}.Release|Any CPU.Build.0 = Release|Any CPU
		{A01C8E1E-57CC-4728-966D-C1CA54E6F198}.Debug|Any CPU.ActiveCfg = Debug|Any CPU
		{A01C8E1E-57CC-4728-966D-C1CA54E6F198}.Debug|Any CPU.Build.0 = Debug|Any CPU
		{A01C8E1E-57CC-4728-966D-C1CA54E6F198}.Release|Any CPU.ActiveCfg = Release|Any CPU
		{A01C8E1E-57CC-4728-966D-C1CA54E6F198}.Release|Any CPU.Build.0 = Release|Any CPU
		{1E3495B7-372B-4846-B461-84CE89DFE3F5}.Debug|Any CPU.ActiveCfg = Debug|Any CPU
		{1E3495B7-372B-4846-B461-84CE89DFE3F5}.Debug|Any CPU.Build.0 = Debug|Any CPU
		{1E3495B7-372B-4846-B461-84CE89DFE3F5}.Release|Any CPU.ActiveCfg = Release|Any CPU
		{1E3495B7-372B-4846-B461-84CE89DFE3F5}.Release|Any CPU.Build.0 = Release|Any CPU
		{F6022484-FCCF-4DD7-8366-10BB3382C531}.Debug|Any CPU.ActiveCfg = Debug|Any CPU
		{F6022484-FCCF-4DD7-8366-10BB3382C531}.Debug|Any CPU.Build.0 = Debug|Any CPU
		{F6022484-FCCF-4DD7-8366-10BB3382C531}.Release|Any CPU.ActiveCfg = Release|Any CPU
		{F6022484-FCCF-4DD7-8366-10BB3382C531}.Release|Any CPU.Build.0 = Release|Any CPU
	EndGlobalSection
EndGlobal
